{
  "name": "camsim-klv-conformance",
  "lockfileVersion": 3,
  "requires": true,
  "packages": {
    "": {
      "name": "camsim-klv-conformance",
      "dependencies": {
        "@vidterra/misb.js": "0.1.30"
      }
    },
    "node_modules/@vidterra/misb.js": {
      "version": "0.1.30",
      "resolved": "https://registry.npmjs.org/@vidterra/misb.js/-/misb.js-0.1.30.tgz",
      "integrity": "sha512-uw2nKkbSzgatQGBIae6cyyS9hvPMqLwVNRi4nxwksWDTidLd8jFgRGVEBmcDwmhzX5Ja2IPn6M/dRV4UIMmO8A==",
      "license": "MIT"
    }
  }
}
